
Microsoft Visual Studio Solution File, Format Version 12.00
# Visual Studio 15
VisualStudioVersion = 15.0.28307.271
MinimumVisualStudioVersion = 10.0.40219.1
Project("{FAE04EC0-301F-11D3-BF4B-00C04F79EFBC}") = "Xapp.Android", "Xapp\Xapp.Android\Xapp.Android.csproj", "{206DC071-6865-4E67-B17E-D8EFF0CEBEA2}"
EndProject
Project("{FAE04EC0-301F-11D3-BF4B-00C04F79EFBC}") = "Xapp.iOS", "Xapp\Xapp.iOS\Xapp.iOS.csproj", "{89DC569C-4707-492A-846C-51D499716AB5}"
EndProject
Project("{9A19103F-16F7-4668-BE54-9A1E7A4F7556}") = "Xapp", "Xapp\Xapp\Xapp.csproj", "{C21E25B4-87B0-40AE-BB05-7F234D671547}"
EndProject
Project("{FAE04EC0-301F-11D3-BF4B-00C04F79EFBC}") = "Xapp.Test", "Xapp.Test\Xapp.Test.csproj", "{DA6326AC-8932-4E2E-91A7-61D9069A1C93}"
EndProject
Global
	GlobalSection(SolutionConfigurationPlatforms) = preSolution
		Ad-Hoc|Any CPU = Ad-Hoc|Any CPU
		Ad-Hoc|iPhone = Ad-Hoc|iPhone
		Ad-Hoc|iPhoneSimulator = Ad-Hoc|iPhoneSimulator
		AppStore|Any CPU = AppStore|Any CPU
		AppStore|iPhone = AppStore|iPhone
		AppStore|iPhoneSimulator = AppStore|iPhoneSimulator
		Debug|Any CPU = Debug|Any CPU
		Debug|iPhone = Debug|iPhone
		Debug|iPhoneSimulator = Debug|iPhoneSimulator
		Release|Any CPU = Release|Any CPU
		Release|iPhone = Release|iPhone
		Release|iPhoneSimulator = Release|iPhoneSimulator
	EndGlobalSection
	GlobalSection(ProjectConfigurationPlatforms) = postSolution
		{206DC071-6865-4E67-B17E-D8EFF0CEBEA2}.Ad-Hoc|Any CPU.ActiveCfg = Release|Any CPU
		{206DC071-6865-4E67-B17E-D8EFF0CEBEA2}.Ad-Hoc|Any CPU.Build.0 = Release|Any CPU
		{206DC071-6865-4E67-B17E-D8EFF0CEBEA2}.Ad-Hoc|Any CPU.Deploy.0 = Release|Any CPU
		{206DC071-6865-4E67-B17E-D8EFF0CEBEA2}.Ad-Hoc|iPhone.ActiveCfg = Release|Any CPU
		{206DC071-6865-4E67-B17E-D8EFF0CEBEA2}.Ad-Hoc|iPhone.Build.0 = Release|Any CPU
		{206DC071-6865-4E67-B17E-D8EFF0CEBEA2}.Ad-Hoc|iPhone.Deploy.0 = Release|Any CPU
		{206DC071-6865-4E67-B17E-D8EFF0CEBEA2}.Ad-Hoc|iPhoneSimulator.ActiveCfg = Release|Any CPU
		{206DC071-6865-4E67-B17E-D8EFF0CEBEA2}.Ad-Hoc|iPhoneSimulator.Build.0 = Release|Any CPU
		{206DC071-6865-4E67-B17E-D8EFF0CEBEA2}.Ad-Hoc|iPhoneSimulator.Deploy.0 = Release|Any CPU
		{206DC071-6865-4E67-B17E-D8EFF0CEBEA2}.AppStore|Any CPU.ActiveCfg = Release|Any CPU
		{206DC071-6865-4E67-B17E-D8EFF0CEBEA2}.AppStore|Any CPU.Build.0 = Release|Any CPU
		{206DC071-6865-4E67-B17E-D8EFF0CEBEA2}.AppStore|Any CPU.Deploy.0 = Release|Any CPU
		{206DC071-6865-4E67-B17E-D8EFF0CEBEA2}.AppStore|iPhone.ActiveCfg = Release|Any CPU
		{206DC071-6865-4E67-B17E-D8EFF0CEBEA2}.AppStore|iPhone.Build.0 = Release|Any CPU
		{206DC071-6865-4E67-B17E-D8EFF0CEBEA2}.AppStore|iPhone.Deploy.0 = Release|Any CPU
		{206DC071-6865-4E67-B17E-D8EFF0CEBEA2}.AppStore|iPhoneSimulator.ActiveCfg = Release|Any CPU
		{206DC071-6865-4E67-B17E-D8EFF0CEBEA2}.AppStore|iPhoneSimulator.Build.0 = Release|Any CPU
		{206DC071-6865-4E67-B17E-D8EFF0CEBEA2}.AppStore|iPhoneSimulator.Deploy.0 = Release|Any CPU
		{206DC071-6865-4E67-B17E-D8EFF0CEBEA2}.Debug|Any CPU.ActiveCfg = Debug|Any CPU
		{206DC071-6865-4E67-B17E-D8EFF0CEBEA2}.Debug|Any CPU.Build.0 = Debug|Any CPU
		{206DC071-6865-4E67-B17E-D8EFF0CEBEA2}.Debug|Any CPU.Deploy.0 = Debug|Any CPU
		{206DC071-6865-4E67-B17E-D8EFF0CEBEA2}.Debug|iPhone.ActiveCfg = Debug|Any CPU
		{206DC071-6865-4E67-B17E-D8EFF0CEBEA2}.Debug|iPhone.Build.0 = Debug|Any CPU
		{206DC071-6865-4E67-B17E-D8EFF0CEBEA2}.Debug|iPhone.Deploy.0 = Debug|Any CPU
		{206DC071-6865-4E67-B17E-D8EFF0CEBEA2}.Debug|iPhoneSimulator.ActiveCfg = Debug|Any CPU
		{206DC071-6865-4E67-B17E-D8EFF0CEBEA2}.Debug|iPhoneSimulator.Build.0 = Debug|Any CPU
		{206DC071-6865-4E67-B17E-D8EFF0CEBEA2}.Debug|iPhoneSimulator.Deploy.0 = Debug|Any CPU
		{206DC071-6865-4E67-B17E-D8EFF0CEBEA2}.Release|Any CPU.ActiveCfg = Release|Any CPU
		{206DC071-6865-4E67-B17E-D8EFF0CEBEA2}.Release|Any CPU.Build.0 = Release|Any CPU
		{206DC071-6865-4E67-B17E-D8EFF0CEBEA2}.Release|Any CPU.Deploy.0 = Release|Any CPU
		{206DC071-6865-4E67-B17E-D8EFF0CEBEA2}.Release|iPhone.ActiveCfg = Release|Any CPU
		{206DC071-6865-4E67-B17E-D8EFF0CEBEA2}.Release|iPhone.Build.0 = Release|Any CPU
		{206DC071-6865-4E67-B17E-D8EFF0CEBEA2}.Release|iPhone.Deploy.0 = Release|Any CPU
		{206DC071-6865-4E67-B17E-D8EFF0CEBEA2}.Release|iPhoneSimulator.ActiveCfg = Release|Any CPU
		{206DC071-6865-4E67-B17E-D8EFF0CEBEA2}.Release|iPhoneSimulator.Build.0 = Release|Any CPU
		{206DC071-6865-4E67-B17E-D8EFF0CEBEA2}.Release|iPhoneSimulator.Deploy.0 = Release|Any CPU
		{89DC569C-4707-492A-846C-51D499716AB5}.Ad-Hoc|Any CPU.ActiveCfg = Ad-Hoc|iPhone
		{89DC569C-4707-492A-846C-51D499716AB5}.Ad-Hoc|Any CPU.Build.0 = Ad-Hoc|iPhone
		{89DC569C-4707-492A-846C-51D499716AB5}.Ad-Hoc|Any CPU.Deploy.0 = Ad-Hoc|iPhone
		{89DC569C-4707-492A-846C-51D499716AB5}.Ad-Hoc|iPhone.ActiveCfg = Ad-Hoc|iPhone
		{89DC569C-4707-492A-846C-51D499716AB5}.Ad-Hoc|iPhone.Build.0 = Ad-Hoc|iPhone
		{89DC569C-4707-492A-846C-51D499716AB5}.Ad-Hoc|iPhone.Deploy.0 = Ad-Hoc|iPhone
		{89DC569C-4707-492A-846C-51D499716AB5}.Ad-Hoc|iPhoneSimulator.ActiveCfg = Ad-Hoc|iPhoneSimulator
		{89DC569C-4707-492A-846C-51D499716AB5}.Ad-Hoc|iPhoneSimulator.Build.0 = Ad-Hoc|iPhoneSimulator
		{89DC569C-4707-492A-846C-51D499716AB5}.Ad-Hoc|iPhoneSimulator.Deploy.0 = Ad-Hoc|iPhoneSimulator
		{89DC569C-4707-492A-846C-51D499716AB5}.AppStore|Any CPU.ActiveCfg = AppStore|iPhone
		{89DC569C-4707-492A-846C-51D499716AB5}.AppStore|Any CPU.Build.0 = AppStore|iPhone
		{89DC569C-4707-492A-846C-51D499716AB5}.AppStore|Any CPU.Deploy.0 = AppStore|iPhone
		{89DC569C-4707-492A-846C-51D499716AB5}.AppStore|iPhone.ActiveCfg = AppStore|iPhone
		{89DC569C-4707-492A-846C-51D499716AB5}.AppStore|iPhone.Build.0 = AppStore|iPhone
		{89DC569C-4707-492A-846C-51D499716AB5}.AppStore|iPhone.Deploy.0 = AppStore|iPhone
		{89DC569C-4707-492A-846C-51D499716AB5}.AppStore|iPhoneSimulator.ActiveCfg = AppStore|iPhoneSimulator
		{89DC569C-4707-492A-846C-51D499716AB5}.AppStore|iPhoneSimulator.Build.0 = AppStore|iPhoneSimulator
		{89DC569C-4707-492A-846C-51D499716AB5}.AppStore|iPhoneSimulator.Deploy.0 = AppStore|iPhoneSimulator
		{89DC569C-4707-492A-846C-51D499716AB5}.Debug|Any CPU.ActiveCfg = Debug|iPhoneSimulator
		{89DC569C-4707-492A-846C-51D499716AB5}.Debug|Any CPU.Build.0 = Debug|iPhoneSimulator
		{89DC569C-4707-492A-846C-51D499716AB5}.Debug|Any CPU.Deploy.0 = Debug|iPhoneSimulator
		{89DC569C-4707-492A-846C-51D499716AB5}.Debug|iPhone.ActiveCfg = Debug|iPhone
		{89DC569C-4707-492A-846C-51D499716AB5}.Debug|iPhone.Build.0 = Debug|iPhone
		{89DC569C-4707-492A-846C-51D499716AB5}.Debug|iPhone.Deploy.0 = Debug|iPhone
		{89DC569C-4707-492A-846C-51D499716AB5}.Debug|iPhoneSimulator.ActiveCfg = Debug|iPhoneSimulator
		{89DC569C-4707-492A-846C-51D499716AB5}.Debug|iPhoneSimulator.Build.0 = Debug|iPhoneSimulator
		{89DC569C-4707-492A-846C-51D499716AB5}.Debug|iPhoneSimulator.Deploy.0 = Debug|iPhoneSimulator
		{89DC569C-4707-492A-846C-51D499716AB5}.Release|Any CPU.ActiveCfg = Release|iPhone
		{89DC569C-4707-492A-846C-51D499716AB5}.Release|Any CPU.Build.0 = Release|iPhone
		{89DC569C-4707-492A-846C-51D499716AB5}.Release|Any CPU.Deploy.0 = Release|iPhone
		{89DC569C-4707-492A-846C-51D499716AB5}.Release|iPhone.ActiveCfg = Release|iPhone
		{89DC569C-4707-492A-846C-51D499716AB5}.Release|iPhone.Build.0 = Release|iPhone
		{89DC569C-4707-492A-846C-51D499716AB5}.Release|iPhone.Deploy.0 = Release|iPhone
		{89DC569C-4707-492A-846C-51D499716AB5}.Release|iPhoneSimulator.ActiveCfg = Release|iPhoneSimulator
		{89DC569C-4707-492A-846C-51D499716AB5}.Release|iPhoneSimulator.Build.0 = Release|iPhoneSimulator
		{89DC569C-4707-492A-846C-51D499716AB5}.Release|iPhoneSimulator.Deploy.0 = Release|iPhoneSimulator
		{C21E25B4-87B0-40AE-BB05-7F234D671547}.Ad-Hoc|Any CPU.ActiveCfg = Debug|Any CPU
		{C21E25B4-87B0-40AE-BB05-7F234D671547}.Ad-Hoc|Any CPU.Build.0 = Debug|Any CPU
		{C21E25B4-87B0-40AE-BB05-7F234D671547}.Ad-Hoc|Any CPU.Deploy.0 = Debug|Any CPU
		{C21E25B4-87B0-40AE-BB05-7F234D671547}.Ad-Hoc|iPhone.ActiveCfg = Debug|Any CPU
		{C21E25B4-87B0-40AE-BB05-7F234D671547}.Ad-Hoc|iPhone.Build.0 = Debug|Any CPU
		{C21E25B4-87B0-40AE-BB05-7F234D671547}.Ad-Hoc|iPhone.Deploy.0 = Debug|Any CPU
		{C21E25B4-87B0-40AE-BB05-7F234D671547}.Ad-Hoc|iPhoneSimulator.ActiveCfg = Debug|Any CPU
		{C21E25B4-87B0-40AE-BB05-7F234D671547}.Ad-Hoc|iPhoneSimulator.Build.0 = Debug|Any CPU
		{C21E25B4-87B0-40AE-BB05-7F234D671547}.Ad-Hoc|iPhoneSimulator.Deploy.0 = Debug|Any CPU
		{C21E25B4-87B0-40AE-BB05-7F234D671547}.AppStore|Any CPU.ActiveCfg = Debug|Any CPU
		{C21E25B4-87B0-40AE-BB05-7F234D671547}.AppStore|Any CPU.Build.0 = Debug|Any CPU
		{C21E25B4-87B0-40AE-BB05-7F234D671547}.AppStore|Any CPU.Deploy.0 = Debug|Any CPU
		{C21E25B4-87B0-40AE-BB05-7F234D671547}.AppStore|iPhone.ActiveCfg = Debug|Any CPU
		{C21E25B4-87B0-40AE-BB05-7F234D671547}.AppStore|iPhone.Build.0 = Debug|Any CPU
		{C21E25B4-87B0-40AE-BB05-7F234D671547}.AppStore|iPhone.Deploy.0 = Debug|Any CPU
		{C21E25B4-87B0-40AE-BB05-7F234D671547}.AppStore|iPhoneSimulator.ActiveCfg = Debug|Any CPU
		{C21E25B4-87B0-40AE-BB05-7F234D671547}.AppStore|iPhoneSimulator.Build.0 = Debug|Any CPU
		{C21E25B4-87B0-40AE-BB05-7F234D671547}.AppStore|iPhoneSimulator.Deploy.0 = Debug|Any CPU
		{C21E25B4-87B0-40AE-BB05-7F234D671547}.Debug|Any CPU.ActiveCfg = Debug|Any CPU
		{C21E25B4-87B0-40AE-BB05-7F234D671547}.Debug|Any CPU.Build.0 = Debug|Any CPU
		{C21E25B4-87B0-40AE-BB05-7F234D671547}.Debug|Any CPU.Deploy.0 = Debug|Any CPU
		{C21E25B4-87B0-40AE-BB05-7F234D671547}.Debug|iPhone.ActiveCfg = Debug|Any CPU
		{C21E25B4-87B0-40AE-BB05-7F234D671547}.Debug|iPhone.Build.0 = Debug|Any CPU
		{C21E25B4-87B0-40AE-BB05-7F234D671547}.Debug|iPhone.Deploy.0 = Debug|Any CPU
		{C21E25B4-87B0-40AE-BB05-7F234D671547}.Debug|iPhoneSimulator.ActiveCfg = Debug|Any CPU
		{C21E25B4-87B0-40AE-BB05-7F234D671547}.Debug|iPhoneSimulator.Build.0 = Debug|Any CPU
		{C21E25B4-87B0-40AE-BB05-7F234D671547}.Debug|iPhoneSimulator.Deploy.0 = Debug|Any CPU
		{C21E25B4-87B0-40AE-BB05-7F234D671547}.Release|Any CPU.ActiveCfg = Release|Any CPU
		{C21E25B4-87B0-40AE-BB05-7F234D671547}.Release|Any CPU.Build.0 = Release|Any CPU
		{C21E25B4-87B0-40AE-BB05-7F234D671547}.Release|Any CPU.Deploy.0 = Release|Any CPU
		{C21E25B4-87B0-40AE-BB05-7F234D671547}.Release|iPhone.ActiveCfg = Release|Any CPU
		{C21E25B4-87B0-40AE-BB05-7F234D671547}.Release|iPhone.Build.0 = Release|Any CPU
		{C21E25B4-87B0-40AE-BB05-7F234D671547}.Release|iPhone.Deploy.0 = Release|Any CPU
		{C21E25B4-87B0-40AE-BB05-7F234D671547}.Release|iPhoneSimulator.ActiveCfg = Release|Any CPU
		{C21E25B4-87B0-40AE-BB05-7F234D671547}.Release|iPhoneSimulator.Build.0 = Release|Any CPU
		{C21E25B4-87B0-40AE-BB05-7F234D671547}.Release|iPhoneSimulator.Deploy.0 = Release|Any CPU
		{DA6326AC-8932-4E2E-91A7-61D9069A1C93}.Ad-Hoc|Any CPU.ActiveCfg = Release|Any CPU
		{DA6326AC-8932-4E2E-91A7-61D9069A1C93}.Ad-Hoc|Any CPU.Build.0 = Release|Any CPU
		{DA6326AC-8932-4E2E-91A7-61D9069A1C93}.Ad-Hoc|iPhone.ActiveCfg = Release|Any CPU
		{DA6326AC-8932-4E2E-91A7-61D9069A1C93}.Ad-Hoc|iPhone.Build.0 = Release|Any CPU
		{DA6326AC-8932-4E2E-91A7-61D9069A1C93}.Ad-Hoc|iPhoneSimulator.ActiveCfg = Release|Any CPU
		{DA6326AC-8932-4E2E-91A7-61D9069A1C93}.Ad-Hoc|iPhoneSimulator.Build.0 = Release|Any CPU
		{DA6326AC-8932-4E2E-91A7-61D9069A1C93}.AppStore|Any CPU.ActiveCfg = Release|Any CPU
		{DA6326AC-8932-4E2E-91A7-61D9069A1C93}.AppStore|Any CPU.Build.0 = Release|Any CPU
		{DA6326AC-8932-4E2E-91A7-61D9069A1C93}.AppStore|iPhone.ActiveCfg = Release|Any CPU
		{DA6326AC-8932-4E2E-91A7-61D9069A1C93}.AppStore|iPhone.Build.0 = Release|Any CPU
		{DA6326AC-8932-4E2E-91A7-61D9069A1C93}.AppStore|iPhoneSimulator.ActiveCfg = Release|Any CPU
		{DA6326AC-8932-4E2E-91A7-61D9069A1C93}.AppStore|iPhoneSimulator.Build.0 = Release|Any CPU
		{DA6326AC-8932-4E2E-91A7-61D9069A1C93}.Debug|Any CPU.ActiveCfg = Debug|Any CPU
		{DA6326AC-8932-4E2E-91A7-61D9069A1C93}.Debug|Any CPU.Build.0 = Debug|Any CPU
		{DA6326AC-8932-4E2E-91A7-61D9069A1C93}.Debug|iPhone.ActiveCfg = Debug|Any CPU
		{DA6326AC-8932-4E2E-91A7-61D9069A1C93}.Debug|iPhone.Build.0 = Debug|Any CPU
		{DA6326AC-8932-4E2E-91A7-61D9069A1C93}.Debug|iPhoneSimulator.ActiveCfg = Debug|Any CPU
		{DA6326AC-8932-4E2E-91A7-61D9069A1C93}.Debug|iPhoneSimulator.Build.0 = Debug|Any CPU
		{DA6326AC-8932-4E2E-91A7-61D9069A1C93}.Release|Any CPU.ActiveCfg = Release|Any CPU
		{DA6326AC-8932-4E2E-91A7-61D9069A1C93}.Release|Any CPU.Build.0 = Release|Any CPU
		{DA6326AC-8932-4E2E-91A7-61D9069A1C93}.Release|iPhone.ActiveCfg = Release|Any CPU
		{DA6326AC-8932-4E2E-91A7-61D9069A1C93}.Release|iPhone.Build.0 = Release|Any CPU
		{DA6326AC-8932-4E2E-91A7-61D9069A1C93}.Release|iPhoneSimulator.ActiveCfg = Release|Any CPU
		{DA6326AC-8932-4E2E-91A7-61D9069A1C93}.Release|iPhoneSimulator.Build.0 = Release|Any CPU
	EndGlobalSection
	GlobalSection(SolutionProperties) = preSolution
		HideSolutionNode = FALSE
	EndGlobalSection
	GlobalSection(ExtensibilityGlobals) = postSolution
		SolutionGuid = {A9B6EB30-363A-425D-A322-5DF89067F341}
	EndGlobalSection
EndGlobal
